// !$*UTF8*$!
{
	archiveVersion = 1;
	classes = {
	};
	objectVersion = 46;
	objects = {

/* Begin PBXBuildFile section */
		B900FB6121F17CCF00F68774 /* HTTP_1_1.swift in Sources */ = {isa = PBXBuildFile; fileRef = B900FB5B21F17CCF00F68774 /* HTTP_1_1.swift */; };
		B900FB6221F17CCF00F68774 /* HXWebResponse.swift in Sources */ = {isa = PBXBuildFile; fileRef = B900FB5C21F17CCF00F68774 /* HXWebResponse.swift */; };
		B900FB6321F17CCF00F68774 /* HXWebMessage.swift in Sources */ = {isa = PBXBuildFile; fileRef = B900FB5D21F17CCF00F68774 /* HXWebMessage.swift */; };
		B900FB6421F17CCF00F68774 /* HXWebServer.swift in Sources */ = {isa = PBXBuildFile; fileRef = B900FB5E21F17CCF00F68774 /* HXWebServer.swift */; };
		B900FB6521F17CCF00F68774 /* HXWebRequest.swift in Sources */ = {isa = PBXBuildFile; fileRef = B900FB5F21F17CCF00F68774 /* HXWebRequest.swift */; };
		B900FB6621F17CCF00F68774 /* HXWebRequestHandler.swift in Sources */ = {isa = PBXBuildFile; fileRef = B900FB6021F17CCF00F68774 /* HXWebRequestHandler.swift */; };
		B900FB6921F17E8C00F68774 /* HXTimestamp.swift in Sources */ = {isa = PBXBuildFile; fileRef = B900FB6821F17E8C00F68774 /* HXTimestamp.swift */; };
		B91ADF361E4E81270052E3F4 /* CGContextExtensions.swift in Sources */ = {isa = PBXBuildFile; fileRef = B91ADF351E4E81270052E3F4 /* CGContextExtensions.swift */; };
		B91ADF381E4E8B160052E3F4 /* CGPointExtensions.swift in Sources */ = {isa = PBXBuildFile; fileRef = B91ADF371E4E8B160052E3F4 /* CGPointExtensions.swift */; };
		B91CAB9C21C1EDD9000E43F4 /* DownloadManagerTests.swift in Sources */ = {isa = PBXBuildFile; fileRef = B91CAB9B21C1EDD9000E43F4 /* DownloadManagerTests.swift */; };
		B9218AF21CC887A000A97389 /* hexdreamsCocoa.h in Headers */ = {isa = PBXBuildFile; fileRef = B9218AF11CC887A000A97389 /* hexdreamsCocoa.h */; settings = {ATTRIBUTES = (Public, ); }; };
		B9218AF91CC887A000A97389 /* hexdreamsCocoa.framework in Frameworks */ = {isa = PBXBuildFile; fileRef = B9218AEE1CC887A000A97389 /* hexdreamsCocoa.framework */; };
		B9218AFE1CC887A000A97389 /* hexdreamsCocoaTests.swift in Sources */ = {isa = PBXBuildFile; fileRef = B9218AFD1CC887A000A97389 /* hexdreamsCocoaTests.swift */; };
		B924AF1421E9102900960834 /* HXBonjourService.swift in Sources */ = {isa = PBXBuildFile; fileRef = B924AF1321E9102900960834 /* HXBonjourService.swift */; };
		B92BE83221152E5200DE2D03 /* Utilities.swift in Sources */ = {isa = PBXBuildFile; fileRef = B92BE83121152E5200DE2D03 /* Utilities.swift */; };
		B92D0BA420EFFF9200359640 /* UtilityFunctions.swift in Sources */ = {isa = PBXBuildFile; fileRef = B92D0BA320EFFF9200359640 /* UtilityFunctions.swift */; };
		B9560E2A21D2C8720006A458 /* HXFlowingTextView.swift in Sources */ = {isa = PBXBuildFile; fileRef = B9560E2921D2C8720006A458 /* HXFlowingTextView.swift */; };
		B9560E3121D31C820006A458 /* NSAttributedStringExtensions.swift in Sources */ = {isa = PBXBuildFile; fileRef = B9560E3021D31C820006A458 /* NSAttributedStringExtensions.swift */; };
		B9560E3321D5D6190006A458 /* HXImageTask.swift in Sources */ = {isa = PBXBuildFile; fileRef = B9560E3221D5D6190006A458 /* HXImageTask.swift */; };
		B9560E3921D740F70006A458 /* HXLogging.swift in Sources */ = {isa = PBXBuildFile; fileRef = B9560E3621D740F70006A458 /* HXLogging.swift */; };
		B9560E3C21D752240006A458 /* HXLoggingExtensions.swift in Sources */ = {isa = PBXBuildFile; fileRef = B9560E3B21D752240006A458 /* HXLoggingExtensions.swift */; };
		B9560E3F21D812F60006A458 /* OptionalExtensions.swift in Sources */ = {isa = PBXBuildFile; fileRef = B9560E3D21D812F50006A458 /* OptionalExtensions.swift */; };
		B964A99C21BB90DA00647C85 /* HXDownloadTask.swift in Sources */ = {isa = PBXBuildFile; fileRef = B964A99B21BB90DA00647C85 /* HXDownloadTask.swift */; };
		B96931222135CB8100BF164B /* HXTableViewController.swift in Sources */ = {isa = PBXBuildFile; fileRef = B969311D2135CB8100BF164B /* HXTableViewController.swift */; };
		B96931232135CB8100BF164B /* HXCollectionViewController.swift in Sources */ = {isa = PBXBuildFile; fileRef = B969311E2135CB8100BF164B /* HXCollectionViewController.swift */; };
		B96931242135CB8100BF164B /* HXTableViewCell.swift in Sources */ = {isa = PBXBuildFile; fileRef = B969311F2135CB8100BF164B /* HXTableViewCell.swift */; };
		B96931252135CB8100BF164B /* HXCollectionViewCell.swift in Sources */ = {isa = PBXBuildFile; fileRef = B96931202135CB8100BF164B /* HXCollectionViewCell.swift */; };
		B96931262135CB8100BF164B /* HXModelObject.swift in Sources */ = {isa = PBXBuildFile; fileRef = B96931212135CB8100BF164B /* HXModelObject.swift */; };
		B96CC3BA1DF1F612007DD4AA /* DateExtensions.swift in Sources */ = {isa = PBXBuildFile; fileRef = B96CC3B91DF1F612007DD4AA /* DateExtensions.swift */; };
		B97110881FE5EF8800F50FF4 /* HXApplication.swift in Sources */ = {isa = PBXBuildFile; fileRef = B97110871FE5EF8700F50FF4 /* HXApplication.swift */; };
		B977729E2112382D00D9E1D8 /* HXDownloadManager.swift in Sources */ = {isa = PBXBuildFile; fileRef = B977729D2112382D00D9E1D8 /* HXDownloadManager.swift */; };
		B97772A121136D2600D9E1D8 /* DispatchQueueExtensions.swift in Sources */ = {isa = PBXBuildFile; fileRef = B97772A021136D2600D9E1D8 /* DispatchQueueExtensions.swift */; };
		B97772A52116BA3600D9E1D8 /* HXDownloadJob.swift in Sources */ = {isa = PBXBuildFile; fileRef = B97772A42116BA3600D9E1D8 /* HXDownloadJob.swift */; };
		B97F03E221D2A60600926262 /* UIViewExtensions.swift in Sources */ = {isa = PBXBuildFile; fileRef = B97F03E121D2A60600926262 /* UIViewExtensions.swift */; };
		B98E654C20BDDDF300103810 /* HXSynchronousObserverCenter.swift in Sources */ = {isa = PBXBuildFile; fileRef = B98E654B20BDDDF300103810 /* HXSynchronousObserverCenter.swift */; };
		B98E654E20BDDE0F00103810 /* HXSynchronousObserverEntry.swift in Sources */ = {isa = PBXBuildFile; fileRef = B98E654D20BDDE0F00103810 /* HXSynchronousObserverEntry.swift */; };
		B99B7DD920EFD1AC00BA8CD2 /* HXXMLNode.swift in Sources */ = {isa = PBXBuildFile; fileRef = B99B7DD720EFD1AC00BA8CD2 /* HXXMLNode.swift */; };
		B99B7DDA20EFD1AC00BA8CD2 /* HXXMLParser.swift in Sources */ = {isa = PBXBuildFile; fileRef = B99B7DD820EFD1AC00BA8CD2 /* HXXMLParser.swift */; };
		B99C12DE20EF127600684F33 /* DictionaryExtensions.swift in Sources */ = {isa = PBXBuildFile; fileRef = B99C12DD20EF127600684F33 /* DictionaryExtensions.swift */; };
		B99F937221DD3E1600CB8044 /* HXLogger.swift in Sources */ = {isa = PBXBuildFile; fileRef = B99F937121DD3E1600CB8044 /* HXLogger.swift */; };
		B99F937421DD3E2E00CB8044 /* HXThreadContext.swift in Sources */ = {isa = PBXBuildFile; fileRef = B99F937321DD3E2E00CB8044 /* HXThreadContext.swift */; };
		B99F937621DD3E4700CB8044 /* HXTypeContext.swift in Sources */ = {isa = PBXBuildFile; fileRef = B99F937521DD3E4700CB8044 /* HXTypeContext.swift */; };
		B99F937821DD3E6700CB8044 /* HXInstanceContext.swift in Sources */ = {isa = PBXBuildFile; fileRef = B99F937721DD3E6700CB8044 /* HXInstanceContext.swift */; };
		B99F937A21DD3E7400CB8044 /* HXLog.swift in Sources */ = {isa = PBXBuildFile; fileRef = B99F937921DD3E7400CB8044 /* HXLog.swift */; };
		B99F937E21E0699300CB8044 /* HXFileHandleLoggingChannel.swift in Sources */ = {isa = PBXBuildFile; fileRef = B99F937D21E0699300CB8044 /* HXFileHandleLoggingChannel.swift */; };
		B99F938021E155A300CB8044 /* HXTimeIntervalFormatter.swift in Sources */ = {isa = PBXBuildFile; fileRef = B99F937F21E155A300CB8044 /* HXTimeIntervalFormatter.swift */; };
		B99F938221E1711100CB8044 /* NSObjectExtensions.swift in Sources */ = {isa = PBXBuildFile; fileRef = B99F938121E1711100CB8044 /* NSObjectExtensions.swift */; };
		B99F938421E17F7600CB8044 /* HXLoggingCovers.swift in Sources */ = {isa = PBXBuildFile; fileRef = B99F938321E17F7600CB8044 /* HXLoggingCovers.swift */; };
		B99F938B21E1E38100CB8044 /* CoreDataTestCase.swift in Sources */ = {isa = PBXBuildFile; fileRef = B99F938621E1DF5600CB8044 /* CoreDataTestCase.swift */; };
		B99F938C21E1E38400CB8044 /* NSEntityDescriptionTests.swift in Sources */ = {isa = PBXBuildFile; fileRef = B99F938521E1DF5600CB8044 /* NSEntityDescriptionTests.swift */; };
		B99F938D21E1E38800CB8044 /* NSManagedObjectContextTests.swift in Sources */ = {isa = PBXBuildFile; fileRef = B99F938721E1DF5600CB8044 /* NSManagedObjectContextTests.swift */; };
		B99F938F21E69B5E00CB8044 /* HXNetworkLoggingChannel.swift in Sources */ = {isa = PBXBuildFile; fileRef = B99F938E21E69B5E00CB8044 /* HXNetworkLoggingChannel.swift */; };
		B99F939221E6ECA700CB8044 /* HXBonjourBrowser.swift in Sources */ = {isa = PBXBuildFile; fileRef = B99F939121E6ECA700CB8044 /* HXBonjourBrowser.swift */; };
		B9B66E0C1E57E9D4004F5894 /* FD_utilities.swift in Sources */ = {isa = PBXBuildFile; fileRef = B9B66E0B1E57E9D4004F5894 /* FD_utilities.swift */; };
		B9B66E0E1E57EA0A004F5894 /* C.swift in Sources */ = {isa = PBXBuildFile; fileRef = B9B66E0D1E57EA0A004F5894 /* C.swift */; };
		B9BD6B6D210EBD1600BFE05C /* HXStorageDomain.swift in Sources */ = {isa = PBXBuildFile; fileRef = B9BD6B6C210EBD1600BFE05C /* HXStorageDomain.swift */; };
		B9C601B61E01CBD9000FB2BA /* CommandLineInterface.swift in Sources */ = {isa = PBXBuildFile; fileRef = B9C601B51E01CBD9000FB2BA /* CommandLineInterface.swift */; };
		B9CCA1901CC889060002A24F /* HXDataController.swift in Sources */ = {isa = PBXBuildFile; fileRef = B9CCA17C1CC889060002A24F /* HXDataController.swift */; };
		B9CCA1911CC889060002A24F /* HXManagedObject.swift in Sources */ = {isa = PBXBuildFile; fileRef = B9CCA17D1CC889060002A24F /* HXManagedObject.swift */; };
		B9CCA1931CC889060002A24F /* NSEntityDescriptionExtensions.swift in Sources */ = {isa = PBXBuildFile; fileRef = B9CCA17F1CC889060002A24F /* NSEntityDescriptionExtensions.swift */; };
		B9CCA1941CC889060002A24F /* NSManagedObjectContextExtensions.swift in Sources */ = {isa = PBXBuildFile; fileRef = B9CCA1801CC889060002A24F /* NSManagedObjectContextExtensions.swift */; };
		B9CCA1951CC889060002A24F /* CGRectExtensions.swift in Sources */ = {isa = PBXBuildFile; fileRef = B9CCA1821CC889060002A24F /* CGRectExtensions.swift */; };
		B9CCA1961CC889060002A24F /* CGSizeExtensions.swift in Sources */ = {isa = PBXBuildFile; fileRef = B9CCA1831CC889060002A24F /* CGSizeExtensions.swift */; };
		B9CCA1971CC889060002A24F /* NSSortDescriptorExtensions.swift in Sources */ = {isa = PBXBuildFile; fileRef = B9CCA1851CC889060002A24F /* NSSortDescriptorExtensions.swift */; };
		B9CCA1981CC889060002A24F /* hexdreams.swift in Sources */ = {isa = PBXBuildFile; fileRef = B9CCA1861CC889060002A24F /* hexdreams.swift */; };
		B9CCA1991CC889060002A24F /* HXMatrix.swift in Sources */ = {isa = PBXBuildFile; fileRef = B9CCA1881CC889060002A24F /* HXMatrix.swift */; };
		B9CCA19A1CC889060002A24F /* ArrayExtensions.swift in Sources */ = {isa = PBXBuildFile; fileRef = B9CCA18A1CC889060002A24F /* ArrayExtensions.swift */; };
		B9CCA19C1CC889060002A24F /* StringExtensions.swift in Sources */ = {isa = PBXBuildFile; fileRef = B9CCA18C1CC889060002A24F /* StringExtensions.swift */; };
		B9CCA19D1CC889060002A24F /* HXViewController.swift in Sources */ = {isa = PBXBuildFile; fileRef = B9CCA18E1CC889060002A24F /* HXViewController.swift */; };
		B9CCA1B71CC8891C0002A24F /* HXDataControllerTests.swift in Sources */ = {isa = PBXBuildFile; fileRef = B9CCA1A11CC8891C0002A24F /* HXDataControllerTests.swift */; };
		B9CCA1B81CC8891C0002A24F /* NSPredicateTests.swift in Sources */ = {isa = PBXBuildFile; fileRef = B9CCA1A21CC8891C0002A24F /* NSPredicateTests.swift */; };
		B9CCA1B91CC8891C0002A24F /* CGRectExtensionsTests.swift in Sources */ = {isa = PBXBuildFile; fileRef = B9CCA1A41CC8891C0002A24F /* CGRectExtensionsTests.swift */; };
		B9CCA1BA1CC8891C0002A24F /* CGSizeExtensionsTests.swift in Sources */ = {isa = PBXBuildFile; fileRef = B9CCA1A51CC8891C0002A24F /* CGSizeExtensionsTests.swift */; };
		B9CCA1BB1CC8891C0002A24F /* NSSortDescriptorExtensionsTests.swift in Sources */ = {isa = PBXBuildFile; fileRef = B9CCA1A71CC8891C0002A24F /* NSSortDescriptorExtensionsTests.swift */; };
		B9CCA1BC1CC8891C0002A24F /* HXMatrixTests.swift in Sources */ = {isa = PBXBuildFile; fileRef = B9CCA1A91CC8891C0002A24F /* HXMatrixTests.swift */; };
		B9CCA1BD1CC8891C0002A24F /* hexdreams.xcdatamodeld in Sources */ = {isa = PBXBuildFile; fileRef = B9CCA1AB1CC8891C0002A24F /* hexdreams.xcdatamodeld */; };
		B9CCA1BE1CC8891C0002A24F /* HXManagedPerson+CoreDataProperties.swift in Sources */ = {isa = PBXBuildFile; fileRef = B9CCA1AD1CC8891C0002A24F /* HXManagedPerson+CoreDataProperties.swift */; };
		B9CCA1BF1CC8891C0002A24F /* HXManagedPerson.swift in Sources */ = {isa = PBXBuildFile; fileRef = B9CCA1AE1CC8891C0002A24F /* HXManagedPerson.swift */; };
		B9CCA1C01CC8891C0002A24F /* HXPerson.json in Resources */ = {isa = PBXBuildFile; fileRef = B9CCA1AF1CC8891C0002A24F /* HXPerson.json */; };
		B9CCA1C11CC8891C0002A24F /* HXPerson.swift in Sources */ = {isa = PBXBuildFile; fileRef = B9CCA1B01CC8891C0002A24F /* HXPerson.swift */; };
		B9CCA1C21CC8891C0002A24F /* HXTestDataController.swift in Sources */ = {isa = PBXBuildFile; fileRef = B9CCA1B11CC8891C0002A24F /* HXTestDataController.swift */; };
		B9CCA1C31CC8891C0002A24F /* ArrayExtensionsTests.swift in Sources */ = {isa = PBXBuildFile; fileRef = B9CCA1B31CC8891C0002A24F /* ArrayExtensionsTests.swift */; };
		B9CCA1C41CC8891C0002A24F /* StringExtensionsTests.swift in Sources */ = {isa = PBXBuildFile; fileRef = B9CCA1B41CC8891C0002A24F /* StringExtensionsTests.swift */; };
		B9D284CB20A7A520009B7D85 /* HXObserverCenter.swift in Sources */ = {isa = PBXBuildFile; fileRef = B9D284C820A7A51F009B7D85 /* HXObserverCenter.swift */; };
		B9D284CC20A7A520009B7D85 /* HXObserverEntry.swift in Sources */ = {isa = PBXBuildFile; fileRef = B9D284C920A7A51F009B7D85 /* HXObserverEntry.swift */; };
		B9D284CD20A7A520009B7D85 /* HXObservingExtensions.swift in Sources */ = {isa = PBXBuildFile; fileRef = B9D284CA20A7A51F009B7D85 /* HXObservingExtensions.swift */; };
		B9DB96F5210823AD0072FD19 /* HXErrors.swift in Sources */ = {isa = PBXBuildFile; fileRef = B9DB96F4210823AD0072FD19 /* HXErrors.swift */; };
		B9DB96F7210829770072FD19 /* UIViewControllerExtensions.swift in Sources */ = {isa = PBXBuildFile; fileRef = B9DB96F6210829770072FD19 /* UIViewControllerExtensions.swift */; };
		B9DB971521099C490072FD19 /* HXCachingWrapper.swift in Sources */ = {isa = PBXBuildFile; fileRef = B9DB971421099C490072FD19 /* HXCachingWrapper.swift */; };
		B9DB97172109A1C80072FD19 /* HXRepresentation.swift in Sources */ = {isa = PBXBuildFile; fileRef = B9DB97162109A1C80072FD19 /* HXRepresentation.swift */; };
		B9DB9720210A3F240072FD19 /* HXImageJob.swift in Sources */ = {isa = PBXBuildFile; fileRef = B9DB971B210A3F240072FD19 /* HXImageJob.swift */; };
		B9DB9721210A3F240072FD19 /* HXImageManager.swift in Sources */ = {isa = PBXBuildFile; fileRef = B9DB971C210A3F240072FD19 /* HXImageManager.swift */; };
		B9DB9722210A3F240072FD19 /* HXImageView.swift in Sources */ = {isa = PBXBuildFile; fileRef = B9DB971D210A3F240072FD19 /* HXImageView.swift */; };
		B9DB9723210A3F240072FD19 /* HXImageButton.swift in Sources */ = {isa = PBXBuildFile; fileRef = B9DB971E210A3F240072FD19 /* HXImageButton.swift */; };
		B9DB9724210A3F240072FD19 /* HXImageSizingDescriptor.swift in Sources */ = {isa = PBXBuildFile; fileRef = B9DB971F210A3F240072FD19 /* HXImageSizingDescriptor.swift */; };
		B9DB9727210A3F2D0072FD19 /* HXStorageManager.swift in Sources */ = {isa = PBXBuildFile; fileRef = B9DB9726210A3F2D0072FD19 /* HXStorageManager.swift */; };
		B9DB972A210A5B730072FD19 /* HXStorageManager.xcdatamodeld in Sources */ = {isa = PBXBuildFile; fileRef = B9DB9728210A5B730072FD19 /* HXStorageManager.xcdatamodeld */; };
		B9F9421721E97D5900FA2791 /* HXPropertyList.swift in Sources */ = {isa = PBXBuildFile; fileRef = B9F9421621E97D5900FA2791 /* HXPropertyList.swift */; };
		B9F9421921F0E77200FA2791 /* HXLoggingChannel.swift in Sources */ = {isa = PBXBuildFile; fileRef = B9F9421821F0E77200FA2791 /* HXLoggingChannel.swift */; };
		B9F9421C21F0ED7000FA2791 /* TODO.md in Resources */ = {isa = PBXBuildFile; fileRef = B9F9421A21F0ED7000FA2791 /* TODO.md */; };
		B9F9421D21F0ED7000FA2791 /* README.md in Resources */ = {isa = PBXBuildFile; fileRef = B9F9421B21F0ED7000FA2791 /* README.md */; };
/* End PBXBuildFile section */

/* Begin PBXContainerItemProxy section */
		B9218AFA1CC887A000A97389 /* PBXContainerItemProxy */ = {
			isa = PBXContainerItemProxy;
			containerPortal = B9218AE51CC887A000A97389 /* Project object */;
			proxyType = 1;
			remoteGlobalIDString = B9218AED1CC887A000A97389;
			remoteInfo = hexdreamsCocoa;
		};
/* End PBXContainerItemProxy section */

/* Begin PBXFileReference section */
		B900FB5B21F17CCF00F68774 /* HTTP_1_1.swift */ = {isa = PBXFileReference; fileEncoding = 4; lastKnownFileType = sourcecode.swift; path = HTTP_1_1.swift; sourceTree = "<group>"; };
		B900FB5C21F17CCF00F68774 /* HXWebResponse.swift */ = {isa = PBXFileReference; fileEncoding = 4; lastKnownFileType = sourcecode.swift; path = HXWebResponse.swift; sourceTree = "<group>"; };
		B900FB5D21F17CCF00F68774 /* HXWebMessage.swift */ = {isa = PBXFileReference; fileEncoding = 4; lastKnownFileType = sourcecode.swift; path = HXWebMessage.swift; sourceTree = "<group>"; };
		B900FB5E21F17CCF00F68774 /* HXWebServer.swift */ = {isa = PBXFileReference; fileEncoding = 4; lastKnownFileType = sourcecode.swift; path = HXWebServer.swift; sourceTree = "<group>"; };
		B900FB5F21F17CCF00F68774 /* HXWebRequest.swift */ = {isa = PBXFileReference; fileEncoding = 4; lastKnownFileType = sourcecode.swift; path = HXWebRequest.swift; sourceTree = "<group>"; };
		B900FB6021F17CCF00F68774 /* HXWebRequestHandler.swift */ = {isa = PBXFileReference; fileEncoding = 4; lastKnownFileType = sourcecode.swift; path = HXWebRequestHandler.swift; sourceTree = "<group>"; };
		B900FB6821F17E8C00F68774 /* HXTimestamp.swift */ = {isa = PBXFileReference; lastKnownFileType = sourcecode.swift; path = HXTimestamp.swift; sourceTree = "<group>"; };
		B91ADF351E4E81270052E3F4 /* CGContextExtensions.swift */ = {isa = PBXFileReference; fileEncoding = 4; lastKnownFileType = sourcecode.swift; path = CGContextExtensions.swift; sourceTree = "<group>"; };
		B91ADF371E4E8B160052E3F4 /* CGPointExtensions.swift */ = {isa = PBXFileReference; fileEncoding = 4; lastKnownFileType = sourcecode.swift; path = CGPointExtensions.swift; sourceTree = "<group>"; };
		B91CAB9B21C1EDD9000E43F4 /* DownloadManagerTests.swift */ = {isa = PBXFileReference; fileEncoding = 4; lastKnownFileType = sourcecode.swift; path = DownloadManagerTests.swift; sourceTree = "<group>"; };
		B9218AEE1CC887A000A97389 /* hexdreamsCocoa.framework */ = {isa = PBXFileReference; explicitFileType = wrapper.framework; includeInIndex = 0; path = hexdreamsCocoa.framework; sourceTree = BUILT_PRODUCTS_DIR; };
		B9218AF11CC887A000A97389 /* hexdreamsCocoa.h */ = {isa = PBXFileReference; lastKnownFileType = sourcecode.c.h; path = hexdreamsCocoa.h; sourceTree = "<group>"; };
		B9218AF31CC887A000A97389 /* Info.plist */ = {isa = PBXFileReference; lastKnownFileType = text.plist.xml; path = Info.plist; sourceTree = "<group>"; };
		B9218AF81CC887A000A97389 /* hexdreamsCocoaTests.xctest */ = {isa = PBXFileReference; explicitFileType = wrapper.cfbundle; includeInIndex = 0; path = hexdreamsCocoaTests.xctest; sourceTree = BUILT_PRODUCTS_DIR; };
		B9218AFD1CC887A000A97389 /* hexdreamsCocoaTests.swift */ = {isa = PBXFileReference; lastKnownFileType = sourcecode.swift; path = hexdreamsCocoaTests.swift; sourceTree = "<group>"; };
		B9218AFF1CC887A000A97389 /* Info.plist */ = {isa = PBXFileReference; lastKnownFileType = text.plist.xml; path = Info.plist; sourceTree = "<group>"; };
		B924AF1321E9102900960834 /* HXBonjourService.swift */ = {isa = PBXFileReference; lastKnownFileType = sourcecode.swift; path = HXBonjourService.swift; sourceTree = "<group>"; };
		B92BE83121152E5200DE2D03 /* Utilities.swift */ = {isa = PBXFileReference; lastKnownFileType = sourcecode.swift; path = Utilities.swift; sourceTree = "<group>"; };
		B92D0BA320EFFF9200359640 /* UtilityFunctions.swift */ = {isa = PBXFileReference; lastKnownFileType = sourcecode.swift; path = UtilityFunctions.swift; sourceTree = "<group>"; };
		B9560E2921D2C8720006A458 /* HXFlowingTextView.swift */ = {isa = PBXFileReference; lastKnownFileType = sourcecode.swift; path = HXFlowingTextView.swift; sourceTree = "<group>"; };
		B9560E3021D31C820006A458 /* NSAttributedStringExtensions.swift */ = {isa = PBXFileReference; lastKnownFileType = sourcecode.swift; path = NSAttributedStringExtensions.swift; sourceTree = "<group>"; };
		B9560E3221D5D6190006A458 /* HXImageTask.swift */ = {isa = PBXFileReference; lastKnownFileType = sourcecode.swift; path = HXImageTask.swift; sourceTree = "<group>"; };
		B9560E3621D740F70006A458 /* HXLogging.swift */ = {isa = PBXFileReference; fileEncoding = 4; lastKnownFileType = sourcecode.swift; path = HXLogging.swift; sourceTree = "<group>"; };
		B9560E3B21D752240006A458 /* HXLoggingExtensions.swift */ = {isa = PBXFileReference; lastKnownFileType = sourcecode.swift; path = HXLoggingExtensions.swift; sourceTree = "<group>"; };
		B9560E3D21D812F50006A458 /* OptionalExtensions.swift */ = {isa = PBXFileReference; fileEncoding = 4; lastKnownFileType = sourcecode.swift; path = OptionalExtensions.swift; sourceTree = "<group>"; };
		B964A99B21BB90DA00647C85 /* HXDownloadTask.swift */ = {isa = PBXFileReference; lastKnownFileType = sourcecode.swift; path = HXDownloadTask.swift; sourceTree = "<group>"; };
		B969311D2135CB8100BF164B /* HXTableViewController.swift */ = {isa = PBXFileReference; fileEncoding = 4; lastKnownFileType = sourcecode.swift; path = HXTableViewController.swift; sourceTree = "<group>"; };
		B969311E2135CB8100BF164B /* HXCollectionViewController.swift */ = {isa = PBXFileReference; fileEncoding = 4; lastKnownFileType = sourcecode.swift; path = HXCollectionViewController.swift; sourceTree = "<group>"; };
		B969311F2135CB8100BF164B /* HXTableViewCell.swift */ = {isa = PBXFileReference; fileEncoding = 4; lastKnownFileType = sourcecode.swift; path = HXTableViewCell.swift; sourceTree = "<group>"; };
		B96931202135CB8100BF164B /* HXCollectionViewCell.swift */ = {isa = PBXFileReference; fileEncoding = 4; lastKnownFileType = sourcecode.swift; path = HXCollectionViewCell.swift; sourceTree = "<group>"; };
		B96931212135CB8100BF164B /* HXModelObject.swift */ = {isa = PBXFileReference; fileEncoding = 4; lastKnownFileType = sourcecode.swift; path = HXModelObject.swift; sourceTree = "<group>"; };
		B96CC3B91DF1F612007DD4AA /* DateExtensions.swift */ = {isa = PBXFileReference; fileEncoding = 4; lastKnownFileType = sourcecode.swift; path = DateExtensions.swift; sourceTree = "<group>"; };
		B97110871FE5EF8700F50FF4 /* HXApplication.swift */ = {isa = PBXFileReference; fileEncoding = 4; lastKnownFileType = sourcecode.swift; path = HXApplication.swift; sourceTree = "<group>"; };
		B977729D2112382D00D9E1D8 /* HXDownloadManager.swift */ = {isa = PBXFileReference; fileEncoding = 4; lastKnownFileType = sourcecode.swift; path = HXDownloadManager.swift; sourceTree = "<group>"; };
		B97772A021136D2600D9E1D8 /* DispatchQueueExtensions.swift */ = {isa = PBXFileReference; fileEncoding = 4; lastKnownFileType = sourcecode.swift; path = DispatchQueueExtensions.swift; sourceTree = "<group>"; };
		B97772A42116BA3600D9E1D8 /* HXDownloadJob.swift */ = {isa = PBXFileReference; lastKnownFileType = sourcecode.swift; path = HXDownloadJob.swift; sourceTree = "<group>"; };
		B97F03E121D2A60600926262 /* UIViewExtensions.swift */ = {isa = PBXFileReference; lastKnownFileType = sourcecode.swift; path = UIViewExtensions.swift; sourceTree = "<group>"; };
		B98E654B20BDDDF300103810 /* HXSynchronousObserverCenter.swift */ = {isa = PBXFileReference; lastKnownFileType = sourcecode.swift; path = HXSynchronousObserverCenter.swift; sourceTree = "<group>"; };
		B98E654D20BDDE0F00103810 /* HXSynchronousObserverEntry.swift */ = {isa = PBXFileReference; lastKnownFileType = sourcecode.swift; path = HXSynchronousObserverEntry.swift; sourceTree = "<group>"; };
		B99B7DD720EFD1AC00BA8CD2 /* HXXMLNode.swift */ = {isa = PBXFileReference; fileEncoding = 4; lastKnownFileType = sourcecode.swift; path = HXXMLNode.swift; sourceTree = "<group>"; };
		B99B7DD820EFD1AC00BA8CD2 /* HXXMLParser.swift */ = {isa = PBXFileReference; fileEncoding = 4; lastKnownFileType = sourcecode.swift; path = HXXMLParser.swift; sourceTree = "<group>"; };
		B99C12DD20EF127600684F33 /* DictionaryExtensions.swift */ = {isa = PBXFileReference; lastKnownFileType = sourcecode.swift; path = DictionaryExtensions.swift; sourceTree = "<group>"; };
		B99F937121DD3E1600CB8044 /* HXLogger.swift */ = {isa = PBXFileReference; lastKnownFileType = sourcecode.swift; path = HXLogger.swift; sourceTree = "<group>"; };
		B99F937321DD3E2E00CB8044 /* HXThreadContext.swift */ = {isa = PBXFileReference; lastKnownFileType = sourcecode.swift; path = HXThreadContext.swift; sourceTree = "<group>"; };
		B99F937521DD3E4700CB8044 /* HXTypeContext.swift */ = {isa = PBXFileReference; lastKnownFileType = sourcecode.swift; path = HXTypeContext.swift; sourceTree = "<group>"; };
		B99F937721DD3E6700CB8044 /* HXInstanceContext.swift */ = {isa = PBXFileReference; lastKnownFileType = sourcecode.swift; path = HXInstanceContext.swift; sourceTree = "<group>"; };
		B99F937921DD3E7400CB8044 /* HXLog.swift */ = {isa = PBXFileReference; lastKnownFileType = sourcecode.swift; path = HXLog.swift; sourceTree = "<group>"; };
		B99F937D21E0699300CB8044 /* HXFileHandleLoggingChannel.swift */ = {isa = PBXFileReference; lastKnownFileType = sourcecode.swift; path = HXFileHandleLoggingChannel.swift; sourceTree = "<group>"; };
		B99F937F21E155A300CB8044 /* HXTimeIntervalFormatter.swift */ = {isa = PBXFileReference; lastKnownFileType = sourcecode.swift; path = HXTimeIntervalFormatter.swift; sourceTree = "<group>"; };
		B99F938121E1711100CB8044 /* NSObjectExtensions.swift */ = {isa = PBXFileReference; lastKnownFileType = sourcecode.swift; path = NSObjectExtensions.swift; sourceTree = "<group>"; };
		B99F938321E17F7600CB8044 /* HXLoggingCovers.swift */ = {isa = PBXFileReference; lastKnownFileType = sourcecode.swift; path = HXLoggingCovers.swift; sourceTree = "<group>"; };
		B99F938521E1DF5600CB8044 /* NSEntityDescriptionTests.swift */ = {isa = PBXFileReference; fileEncoding = 4; lastKnownFileType = sourcecode.swift; path = NSEntityDescriptionTests.swift; sourceTree = "<group>"; };
		B99F938621E1DF5600CB8044 /* CoreDataTestCase.swift */ = {isa = PBXFileReference; fileEncoding = 4; lastKnownFileType = sourcecode.swift; path = CoreDataTestCase.swift; sourceTree = "<group>"; };
		B99F938721E1DF5600CB8044 /* NSManagedObjectContextTests.swift */ = {isa = PBXFileReference; fileEncoding = 4; lastKnownFileType = sourcecode.swift; path = NSManagedObjectContextTests.swift; sourceTree = "<group>"; };
		B99F938E21E69B5E00CB8044 /* HXNetworkLoggingChannel.swift */ = {isa = PBXFileReference; lastKnownFileType = sourcecode.swift; path = HXNetworkLoggingChannel.swift; sourceTree = "<group>"; };
		B99F939121E6ECA700CB8044 /* HXBonjourBrowser.swift */ = {isa = PBXFileReference; lastKnownFileType = sourcecode.swift; path = HXBonjourBrowser.swift; sourceTree = "<group>"; };
		B9B66E0B1E57E9D4004F5894 /* FD_utilities.swift */ = {isa = PBXFileReference; fileEncoding = 4; lastKnownFileType = sourcecode.swift; path = FD_utilities.swift; sourceTree = "<group>"; };
		B9B66E0D1E57EA0A004F5894 /* C.swift */ = {isa = PBXFileReference; fileEncoding = 4; lastKnownFileType = sourcecode.swift; path = C.swift; sourceTree = "<group>"; };
		B9BD6B6C210EBD1600BFE05C /* HXStorageDomain.swift */ = {isa = PBXFileReference; lastKnownFileType = sourcecode.swift; path = HXStorageDomain.swift; sourceTree = "<group>"; };
		B9C601B51E01CBD9000FB2BA /* CommandLineInterface.swift */ = {isa = PBXFileReference; fileEncoding = 4; lastKnownFileType = sourcecode.swift; path = CommandLineInterface.swift; sourceTree = "<group>"; };
		B9CCA17C1CC889060002A24F /* HXDataController.swift */ = {isa = PBXFileReference; fileEncoding = 4; lastKnownFileType = sourcecode.swift; path = HXDataController.swift; sourceTree = "<group>"; };
		B9CCA17D1CC889060002A24F /* HXManagedObject.swift */ = {isa = PBXFileReference; fileEncoding = 4; lastKnownFileType = sourcecode.swift; path = HXManagedObject.swift; sourceTree = "<group>"; };
		B9CCA17F1CC889060002A24F /* NSEntityDescriptionExtensions.swift */ = {isa = PBXFileReference; fileEncoding = 4; lastKnownFileType = sourcecode.swift; path = NSEntityDescriptionExtensions.swift; sourceTree = "<group>"; };
		B9CCA1801CC889060002A24F /* NSManagedObjectContextExtensions.swift */ = {isa = PBXFileReference; fileEncoding = 4; lastKnownFileType = sourcecode.swift; path = NSManagedObjectContextExtensions.swift; sourceTree = "<group>"; };
		B9CCA1821CC889060002A24F /* CGRectExtensions.swift */ = {isa = PBXFileReference; fileEncoding = 4; lastKnownFileType = sourcecode.swift; path = CGRectExtensions.swift; sourceTree = "<group>"; };
		B9CCA1831CC889060002A24F /* CGSizeExtensions.swift */ = {isa = PBXFileReference; fileEncoding = 4; lastKnownFileType = sourcecode.swift; path = CGSizeExtensions.swift; sourceTree = "<group>"; };
		B9CCA1851CC889060002A24F /* NSSortDescriptorExtensions.swift */ = {isa = PBXFileReference; fileEncoding = 4; lastKnownFileType = sourcecode.swift; path = NSSortDescriptorExtensions.swift; sourceTree = "<group>"; };
		B9CCA1861CC889060002A24F /* hexdreams.swift */ = {isa = PBXFileReference; fileEncoding = 4; lastKnownFileType = sourcecode.swift; path = hexdreams.swift; sourceTree = "<group>"; };
		B9CCA1881CC889060002A24F /* HXMatrix.swift */ = {isa = PBXFileReference; fileEncoding = 4; lastKnownFileType = sourcecode.swift; path = HXMatrix.swift; sourceTree = "<group>"; };
		B9CCA18A1CC889060002A24F /* ArrayExtensions.swift */ = {isa = PBXFileReference; fileEncoding = 4; lastKnownFileType = sourcecode.swift; path = ArrayExtensions.swift; sourceTree = "<group>"; };
		B9CCA18C1CC889060002A24F /* StringExtensions.swift */ = {isa = PBXFileReference; fileEncoding = 4; lastKnownFileType = sourcecode.swift; path = StringExtensions.swift; sourceTree = "<group>"; };
		B9CCA18E1CC889060002A24F /* HXViewController.swift */ = {isa = PBXFileReference; fileEncoding = 4; lastKnownFileType = sourcecode.swift; path = HXViewController.swift; sourceTree = "<group>"; };
		B9CCA1A11CC8891C0002A24F /* HXDataControllerTests.swift */ = {isa = PBXFileReference; fileEncoding = 4; lastKnownFileType = sourcecode.swift; path = HXDataControllerTests.swift; sourceTree = "<group>"; };
		B9CCA1A21CC8891C0002A24F /* NSPredicateTests.swift */ = {isa = PBXFileReference; fileEncoding = 4; lastKnownFileType = sourcecode.swift; path = NSPredicateTests.swift; sourceTree = "<group>"; };
		B9CCA1A41CC8891C0002A24F /* CGRectExtensionsTests.swift */ = {isa = PBXFileReference; fileEncoding = 4; lastKnownFileType = sourcecode.swift; path = CGRectExtensionsTests.swift; sourceTree = "<group>"; };
		B9CCA1A51CC8891C0002A24F /* CGSizeExtensionsTests.swift */ = {isa = PBXFileReference; fileEncoding = 4; lastKnownFileType = sourcecode.swift; path = CGSizeExtensionsTests.swift; sourceTree = "<group>"; };
		B9CCA1A71CC8891C0002A24F /* NSSortDescriptorExtensionsTests.swift */ = {isa = PBXFileReference; fileEncoding = 4; lastKnownFileType = sourcecode.swift; path = NSSortDescriptorExtensionsTests.swift; sourceTree = "<group>"; };
		B9CCA1A91CC8891C0002A24F /* HXMatrixTests.swift */ = {isa = PBXFileReference; fileEncoding = 4; lastKnownFileType = sourcecode.swift; path = HXMatrixTests.swift; sourceTree = "<group>"; };
		B9CCA1AC1CC8891C0002A24F /* hexdreams.xcdatamodel */ = {isa = PBXFileReference; lastKnownFileType = wrapper.xcdatamodel; path = hexdreams.xcdatamodel; sourceTree = "<group>"; };
		B9CCA1AD1CC8891C0002A24F /* HXManagedPerson+CoreDataProperties.swift */ = {isa = PBXFileReference; fileEncoding = 4; lastKnownFileType = sourcecode.swift; path = "HXManagedPerson+CoreDataProperties.swift"; sourceTree = "<group>"; };
		B9CCA1AE1CC8891C0002A24F /* HXManagedPerson.swift */ = {isa = PBXFileReference; fileEncoding = 4; lastKnownFileType = sourcecode.swift; path = HXManagedPerson.swift; sourceTree = "<group>"; };
		B9CCA1AF1CC8891C0002A24F /* HXPerson.json */ = {isa = PBXFileReference; fileEncoding = 4; lastKnownFileType = text.json; path = HXPerson.json; sourceTree = "<group>"; };
		B9CCA1B01CC8891C0002A24F /* HXPerson.swift */ = {isa = PBXFileReference; fileEncoding = 4; lastKnownFileType = sourcecode.swift; path = HXPerson.swift; sourceTree = "<group>"; };
		B9CCA1B11CC8891C0002A24F /* HXTestDataController.swift */ = {isa = PBXFileReference; fileEncoding = 4; lastKnownFileType = sourcecode.swift; path = HXTestDataController.swift; sourceTree = "<group>"; };
		B9CCA1B31CC8891C0002A24F /* ArrayExtensionsTests.swift */ = {isa = PBXFileReference; fileEncoding = 4; lastKnownFileType = sourcecode.swift; path = ArrayExtensionsTests.swift; sourceTree = "<group>"; };
		B9CCA1B41CC8891C0002A24F /* StringExtensionsTests.swift */ = {isa = PBXFileReference; fileEncoding = 4; lastKnownFileType = sourcecode.swift; path = StringExtensionsTests.swift; sourceTree = "<group>"; };
		B9D284C820A7A51F009B7D85 /* HXObserverCenter.swift */ = {isa = PBXFileReference; fileEncoding = 4; lastKnownFileType = sourcecode.swift; path = HXObserverCenter.swift; sourceTree = "<group>"; };
		B9D284C920A7A51F009B7D85 /* HXObserverEntry.swift */ = {isa = PBXFileReference; fileEncoding = 4; lastKnownFileType = sourcecode.swift; path = HXObserverEntry.swift; sourceTree = "<group>"; };
		B9D284CA20A7A51F009B7D85 /* HXObservingExtensions.swift */ = {isa = PBXFileReference; fileEncoding = 4; lastKnownFileType = sourcecode.swift; path = HXObservingExtensions.swift; sourceTree = "<group>"; };
		B9DB96F4210823AD0072FD19 /* HXErrors.swift */ = {isa = PBXFileReference; lastKnownFileType = sourcecode.swift; path = HXErrors.swift; sourceTree = "<group>"; };
		B9DB96F6210829770072FD19 /* UIViewControllerExtensions.swift */ = {isa = PBXFileReference; lastKnownFileType = sourcecode.swift; path = UIViewControllerExtensions.swift; sourceTree = "<group>"; };
		B9DB971421099C490072FD19 /* HXCachingWrapper.swift */ = {isa = PBXFileReference; fileEncoding = 4; lastKnownFileType = sourcecode.swift; path = HXCachingWrapper.swift; sourceTree = "<group>"; };
		B9DB97162109A1C80072FD19 /* HXRepresentation.swift */ = {isa = PBXFileReference; fileEncoding = 4; lastKnownFileType = sourcecode.swift; path = HXRepresentation.swift; sourceTree = "<group>"; };
		B9DB971B210A3F240072FD19 /* HXImageJob.swift */ = {isa = PBXFileReference; fileEncoding = 4; lastKnownFileType = sourcecode.swift; path = HXImageJob.swift; sourceTree = "<group>"; };
		B9DB971C210A3F240072FD19 /* HXImageManager.swift */ = {isa = PBXFileReference; fileEncoding = 4; lastKnownFileType = sourcecode.swift; path = HXImageManager.swift; sourceTree = "<group>"; };
		B9DB971D210A3F240072FD19 /* HXImageView.swift */ = {isa = PBXFileReference; fileEncoding = 4; lastKnownFileType = sourcecode.swift; path = HXImageView.swift; sourceTree = "<group>"; };
		B9DB971E210A3F240072FD19 /* HXImageButton.swift */ = {isa = PBXFileReference; fileEncoding = 4; lastKnownFileType = sourcecode.swift; path = HXImageButton.swift; sourceTree = "<group>"; };
		B9DB971F210A3F240072FD19 /* HXImageSizingDescriptor.swift */ = {isa = PBXFileReference; fileEncoding = 4; lastKnownFileType = sourcecode.swift; path = HXImageSizingDescriptor.swift; sourceTree = "<group>"; };
		B9DB9726210A3F2D0072FD19 /* HXStorageManager.swift */ = {isa = PBXFileReference; fileEncoding = 4; lastKnownFileType = sourcecode.swift; path = HXStorageManager.swift; sourceTree = "<group>"; };
		B9DB9729210A5B730072FD19 /* HXResourceManager.xcdatamodel */ = {isa = PBXFileReference; lastKnownFileType = wrapper.xcdatamodel; path = HXResourceManager.xcdatamodel; sourceTree = "<group>"; };
		B9F9421621E97D5900FA2791 /* HXPropertyList.swift */ = {isa = PBXFileReference; lastKnownFileType = sourcecode.swift; path = HXPropertyList.swift; sourceTree = "<group>"; };
		B9F9421821F0E77200FA2791 /* HXLoggingChannel.swift */ = {isa = PBXFileReference; lastKnownFileType = sourcecode.swift; path = HXLoggingChannel.swift; sourceTree = "<group>"; };
		B9F9421A21F0ED7000FA2791 /* TODO.md */ = {isa = PBXFileReference; fileEncoding = 4; lastKnownFileType = net.daringfireball.markdown; name = TODO.md; path = ../TODO.md; sourceTree = "<group>"; };
		B9F9421B21F0ED7000FA2791 /* README.md */ = {isa = PBXFileReference; fileEncoding = 4; lastKnownFileType = net.daringfireball.markdown; name = README.md; path = ../README.md; sourceTree = "<group>"; };
/* End PBXFileReference section */

/* Begin PBXFrameworksBuildPhase section */
		B9218AEA1CC887A000A97389 /* Frameworks */ = {
			isa = PBXFrameworksBuildPhase;
			buildActionMask = 2147483647;
			files = (
			);
			runOnlyForDeploymentPostprocessing = 0;
		};
		B9218AF51CC887A000A97389 /* Frameworks */ = {
			isa = PBXFrameworksBuildPhase;
			buildActionMask = 2147483647;
			files = (
				B9218AF91CC887A000A97389 /* hexdreamsCocoa.framework in Frameworks */,
			);
			runOnlyForDeploymentPostprocessing = 0;
		};
/* End PBXFrameworksBuildPhase section */

/* Begin PBXGroup section */
		B900FB5A21F17CCF00F68774 /* WebServer */ = {
			isa = PBXGroup;
			children = (
				B900FB5B21F17CCF00F68774 /* HTTP_1_1.swift */,
				B900FB5C21F17CCF00F68774 /* HXWebResponse.swift */,
				B900FB5D21F17CCF00F68774 /* HXWebMessage.swift */,
				B900FB5E21F17CCF00F68774 /* HXWebServer.swift */,
				B900FB5F21F17CCF00F68774 /* HXWebRequest.swift */,
				B900FB6021F17CCF00F68774 /* HXWebRequestHandler.swift */,
			);
			path = WebServer;
			sourceTree = "<group>";
		};
		B91CAB9A21C1EDD9000E43F4 /* hexdreams */ = {
			isa = PBXGroup;
			children = (
				B91CAB9B21C1EDD9000E43F4 /* DownloadManagerTests.swift */,
			);
			path = hexdreams;
			sourceTree = "<group>";
		};
		B9218AE41CC887A000A97389 = {
			isa = PBXGroup;
			children = (
				B9F9421B21F0ED7000FA2791 /* README.md */,
				B9F9421A21F0ED7000FA2791 /* TODO.md */,
				B9CCA17A1CC889060002A24F /* Sources */,
				B9CCA19F1CC8891C0002A24F /* Tests */,
				B9218AF01CC887A000A97389 /* hexdreamsCocoa */,
				B9218AFC1CC887A000A97389 /* hexdreamsCocoaTests */,
				B9218AEF1CC887A000A97389 /* Products */,
			);
			sourceTree = "<group>";
		};
		B9218AEF1CC887A000A97389 /* Products */ = {
			isa = PBXGroup;
			children = (
				B9218AEE1CC887A000A97389 /* hexdreamsCocoa.framework */,
				B9218AF81CC887A000A97389 /* hexdreamsCocoaTests.xctest */,
			);
			name = Products;
			sourceTree = "<group>";
		};
		B9218AF01CC887A000A97389 /* hexdreamsCocoa */ = {
			isa = PBXGroup;
			children = (
				B9218AF11CC887A000A97389 /* hexdreamsCocoa.h */,
				B9218AF31CC887A000A97389 /* Info.plist */,
			);
			path = hexdreamsCocoa;
			sourceTree = "<group>";
		};
		B9218AFC1CC887A000A97389 /* hexdreamsCocoaTests */ = {
			isa = PBXGroup;
			children = (
				B9218AFD1CC887A000A97389 /* hexdreamsCocoaTests.swift */,
				B9218AFF1CC887A000A97389 /* Info.plist */,
			);
			path = hexdreamsCocoaTests;
			sourceTree = "<group>";
		};
		B9560E3421D740F70006A458 /* Logging */ = {
			isa = PBXGroup;
			children = (
				B9560E3621D740F70006A458 /* HXLogging.swift */,
				B99F937921DD3E7400CB8044 /* HXLog.swift */,
				B99F937121DD3E1600CB8044 /* HXLogger.swift */,
				B99F937321DD3E2E00CB8044 /* HXThreadContext.swift */,
				B99F937521DD3E4700CB8044 /* HXTypeContext.swift */,
				B99F937721DD3E6700CB8044 /* HXInstanceContext.swift */,
				B9F9421821F0E77200FA2791 /* HXLoggingChannel.swift */,
				B99F937D21E0699300CB8044 /* HXFileHandleLoggingChannel.swift */,
				B99F938E21E69B5E00CB8044 /* HXNetworkLoggingChannel.swift */,
				B9560E3B21D752240006A458 /* HXLoggingExtensions.swift */,
				B99F938321E17F7600CB8044 /* HXLoggingCovers.swift */,
			);
			path = Logging;
			sourceTree = "<group>";
		};
		B977729C2112382D00D9E1D8 /* DownloadManager */ = {
			isa = PBXGroup;
			children = (
				B977729D2112382D00D9E1D8 /* HXDownloadManager.swift */,
				B964A99B21BB90DA00647C85 /* HXDownloadTask.swift */,
				B97772A42116BA3600D9E1D8 /* HXDownloadJob.swift */,
			);
			path = DownloadManager;
			sourceTree = "<group>";
		};
		B977729F21136D2600D9E1D8 /* GrandCentralDispatch */ = {
			isa = PBXGroup;
			children = (
				B97772A021136D2600D9E1D8 /* DispatchQueueExtensions.swift */,
			);
			path = GrandCentralDispatch;
			sourceTree = "<group>";
		};
		B99B7DD620EFD1AC00BA8CD2 /* XML */ = {
			isa = PBXGroup;
			children = (
				B99B7DD820EFD1AC00BA8CD2 /* HXXMLParser.swift */,
				B99B7DD720EFD1AC00BA8CD2 /* HXXMLNode.swift */,
			);
			path = XML;
			sourceTree = "<group>";
		};
		B9B66E0A1E57E9D4004F5894 /* C */ = {
			isa = PBXGroup;
			children = (
				B9B66E0D1E57EA0A004F5894 /* C.swift */,
				B9B66E0B1E57E9D4004F5894 /* FD_utilities.swift */,
			);
			path = C;
			sourceTree = "<group>";
		};
		B9C601B41E01CBD9000FB2BA /* hexdreams */ = {
			isa = PBXGroup;
			children = (
				B9CCA1861CC889060002A24F /* hexdreams.swift */,
				B92BE83121152E5200DE2D03 /* Utilities.swift */,
				B9DB96F4210823AD0072FD19 /* HXErrors.swift */,
				B97110871FE5EF8700F50FF4 /* HXApplication.swift */,
				B9C601B51E01CBD9000FB2BA /* CommandLineInterface.swift */,
				B9DB971421099C490072FD19 /* HXCachingWrapper.swift */,
				B9DB97162109A1C80072FD19 /* HXRepresentation.swift */,
				B9F9421621E97D5900FA2791 /* HXPropertyList.swift */,
				B9560E3421D740F70006A458 /* Logging */,
				B9D284C720A7A51F009B7D85 /* Observing */,
				B9DB9725210A3F2D0072FD19 /* StorageManager */,
				B977729C2112382D00D9E1D8 /* DownloadManager */,
				B9DB971A210A3F240072FD19 /* ImageManager */,
				B900FB5A21F17CCF00F68774 /* WebServer */,
			);
			path = hexdreams;
			sourceTree = "<group>";
		};
		B9CCA17A1CC889060002A24F /* Sources */ = {
			isa = PBXGroup;
			children = (
				B9C601B41E01CBD9000FB2BA /* hexdreams */,
				B9CCA1841CC889060002A24F /* Foundation */,
				B977729F21136D2600D9E1D8 /* GrandCentralDispatch */,
				B9CCA18D1CC889060002A24F /* UIKit */,
				B9CCA1811CC889060002A24F /* CoreGraphics */,
				B9CCA17B1CC889060002A24F /* CoreData */,
				B99B7DD620EFD1AC00BA8CD2 /* XML */,
				B9CCA1871CC889060002A24F /* Math */,
				B9CCA1891CC889060002A24F /* Swift */,
				B9B66E0A1E57E9D4004F5894 /* C */,
			);
			name = Sources;
			path = ../Sources;
			sourceTree = "<group>";
		};
		B9CCA17B1CC889060002A24F /* CoreData */ = {
			isa = PBXGroup;
			children = (
				B9CCA17C1CC889060002A24F /* HXDataController.swift */,
				B9CCA17D1CC889060002A24F /* HXManagedObject.swift */,
				B9CCA17F1CC889060002A24F /* NSEntityDescriptionExtensions.swift */,
				B9CCA1801CC889060002A24F /* NSManagedObjectContextExtensions.swift */,
			);
			path = CoreData;
			sourceTree = "<group>";
		};
		B9CCA1811CC889060002A24F /* CoreGraphics */ = {
			isa = PBXGroup;
			children = (
				B91ADF371E4E8B160052E3F4 /* CGPointExtensions.swift */,
				B9CCA1831CC889060002A24F /* CGSizeExtensions.swift */,
				B9CCA1821CC889060002A24F /* CGRectExtensions.swift */,
				B91ADF351E4E81270052E3F4 /* CGContextExtensions.swift */,
			);
			path = CoreGraphics;
			sourceTree = "<group>";
		};
		B9CCA1841CC889060002A24F /* Foundation */ = {
			isa = PBXGroup;
			children = (
				B99F938121E1711100CB8044 /* NSObjectExtensions.swift */,
				B96CC3B91DF1F612007DD4AA /* DateExtensions.swift */,
				B900FB6821F17E8C00F68774 /* HXTimestamp.swift */,
				B9CCA1851CC889060002A24F /* NSSortDescriptorExtensions.swift */,
				B99C12DD20EF127600684F33 /* DictionaryExtensions.swift */,
				B9560E3021D31C820006A458 /* NSAttributedStringExtensions.swift */,
				B99F937F21E155A300CB8044 /* HXTimeIntervalFormatter.swift */,
				B99F939121E6ECA700CB8044 /* HXBonjourBrowser.swift */,
				B924AF1321E9102900960834 /* HXBonjourService.swift */,
			);
			path = Foundation;
			sourceTree = "<group>";
		};
		B9CCA1871CC889060002A24F /* Math */ = {
			isa = PBXGroup;
			children = (
				B9CCA1881CC889060002A24F /* HXMatrix.swift */,
			);
			path = Math;
			sourceTree = "<group>";
		};
		B9CCA1891CC889060002A24F /* Swift */ = {
			isa = PBXGroup;
			children = (
				B9CCA18A1CC889060002A24F /* ArrayExtensions.swift */,
				B9560E3D21D812F50006A458 /* OptionalExtensions.swift */,
				B9CCA18C1CC889060002A24F /* StringExtensions.swift */,
				B92D0BA320EFFF9200359640 /* UtilityFunctions.swift */,
			);
			path = Swift;
			sourceTree = "<group>";
		};
		B9CCA18D1CC889060002A24F /* UIKit */ = {
			isa = PBXGroup;
			children = (
				B97F03E121D2A60600926262 /* UIViewExtensions.swift */,
				B9DB96F6210829770072FD19 /* UIViewControllerExtensions.swift */,
				B9CCA18E1CC889060002A24F /* HXViewController.swift */,
				B969311D2135CB8100BF164B /* HXTableViewController.swift */,
				B969311F2135CB8100BF164B /* HXTableViewCell.swift */,
				B969311E2135CB8100BF164B /* HXCollectionViewController.swift */,
				B96931202135CB8100BF164B /* HXCollectionViewCell.swift */,
				B96931212135CB8100BF164B /* HXModelObject.swift */,
				B9560E2921D2C8720006A458 /* HXFlowingTextView.swift */,
			);
			path = UIKit;
			sourceTree = "<group>";
		};
		B9CCA19F1CC8891C0002A24F /* Tests */ = {
			isa = PBXGroup;
			children = (
				B91CAB9A21C1EDD9000E43F4 /* hexdreams */,
				B9CCA1A61CC8891C0002A24F /* Foundation */,
				B9CCA1A31CC8891C0002A24F /* CoreGraphics */,
				B9CCA1A01CC8891C0002A24F /* CoreData */,
				B9CCA1AA1CC8891C0002A24F /* Model */,
				B9CCA1A81CC8891C0002A24F /* Math */,
				B9CCA1B21CC8891C0002A24F /* Swift */,
			);
			name = Tests;
			path = ../Tests;
			sourceTree = "<group>";
		};
		B9CCA1A01CC8891C0002A24F /* CoreData */ = {
			isa = PBXGroup;
			children = (
				B99F938621E1DF5600CB8044 /* CoreDataTestCase.swift */,
				B99F938521E1DF5600CB8044 /* NSEntityDescriptionTests.swift */,
				B99F938721E1DF5600CB8044 /* NSManagedObjectContextTests.swift */,
				B9CCA1A21CC8891C0002A24F /* NSPredicateTests.swift */,
				B9CCA1A11CC8891C0002A24F /* HXDataControllerTests.swift */,
			);
			path = CoreData;
			sourceTree = "<group>";
		};
		B9CCA1A31CC8891C0002A24F /* CoreGraphics */ = {
			isa = PBXGroup;
			children = (
				B9CCA1A41CC8891C0002A24F /* CGRectExtensionsTests.swift */,
				B9CCA1A51CC8891C0002A24F /* CGSizeExtensionsTests.swift */,
			);
			path = CoreGraphics;
			sourceTree = "<group>";
		};
		B9CCA1A61CC8891C0002A24F /* Foundation */ = {
			isa = PBXGroup;
			children = (
				B9CCA1A71CC8891C0002A24F /* NSSortDescriptorExtensionsTests.swift */,
			);
			path = Foundation;
			sourceTree = "<group>";
		};
		B9CCA1A81CC8891C0002A24F /* Math */ = {
			isa = PBXGroup;
			children = (
				B9CCA1A91CC8891C0002A24F /* HXMatrixTests.swift */,
			);
			path = Math;
			sourceTree = "<group>";
		};
		B9CCA1AA1CC8891C0002A24F /* Model */ = {
			isa = PBXGroup;
			children = (
				B9CCA1AB1CC8891C0002A24F /* hexdreams.xcdatamodeld */,
				B9CCA1AD1CC8891C0002A24F /* HXManagedPerson+CoreDataProperties.swift */,
				B9CCA1AE1CC8891C0002A24F /* HXManagedPerson.swift */,
				B9CCA1AF1CC8891C0002A24F /* HXPerson.json */,
				B9CCA1B01CC8891C0002A24F /* HXPerson.swift */,
				B9CCA1B11CC8891C0002A24F /* HXTestDataController.swift */,
			);
			path = Model;
			sourceTree = "<group>";
		};
		B9CCA1B21CC8891C0002A24F /* Swift */ = {
			isa = PBXGroup;
			children = (
				B9CCA1B31CC8891C0002A24F /* ArrayExtensionsTests.swift */,
				B9CCA1B41CC8891C0002A24F /* StringExtensionsTests.swift */,
			);
			path = Swift;
			sourceTree = "<group>";
		};
		B9D284C720A7A51F009B7D85 /* Observing */ = {
			isa = PBXGroup;
			children = (
				B9D284C820A7A51F009B7D85 /* HXObserverCenter.swift */,
				B9D284C920A7A51F009B7D85 /* HXObserverEntry.swift */,
				B98E654B20BDDDF300103810 /* HXSynchronousObserverCenter.swift */,
				B98E654D20BDDE0F00103810 /* HXSynchronousObserverEntry.swift */,
				B9D284CA20A7A51F009B7D85 /* HXObservingExtensions.swift */,
			);
			path = Observing;
			sourceTree = "<group>";
		};
		B9DB971A210A3F240072FD19 /* ImageManager */ = {
			isa = PBXGroup;
			children = (
				B9DB971C210A3F240072FD19 /* HXImageManager.swift */,
				B9560E3221D5D6190006A458 /* HXImageTask.swift */,
				B9DB971B210A3F240072FD19 /* HXImageJob.swift */,
				B9DB971D210A3F240072FD19 /* HXImageView.swift */,
				B9DB971E210A3F240072FD19 /* HXImageButton.swift */,
				B9DB971F210A3F240072FD19 /* HXImageSizingDescriptor.swift */,
			);
			path = ImageManager;
			sourceTree = "<group>";
		};
		B9DB9725210A3F2D0072FD19 /* StorageManager */ = {
			isa = PBXGroup;
			children = (
				B9DB9726210A3F2D0072FD19 /* HXStorageManager.swift */,
				B9DB9728210A5B730072FD19 /* HXStorageManager.xcdatamodeld */,
				B9BD6B6C210EBD1600BFE05C /* HXStorageDomain.swift */,
			);
			path = StorageManager;
			sourceTree = "<group>";
		};
/* End PBXGroup section */

/* Begin PBXHeadersBuildPhase section */
		B9218AEB1CC887A000A97389 /* Headers */ = {
			isa = PBXHeadersBuildPhase;
			buildActionMask = 2147483647;
			files = (
				B9218AF21CC887A000A97389 /* hexdreamsCocoa.h in Headers */,
			);
			runOnlyForDeploymentPostprocessing = 0;
		};
/* End PBXHeadersBuildPhase section */

/* Begin PBXNativeTarget section */
		B9218AED1CC887A000A97389 /* hexdreamsCocoa */ = {
			isa = PBXNativeTarget;
			buildConfigurationList = B9218B021CC887A000A97389 /* Build configuration list for PBXNativeTarget "hexdreamsCocoa" */;
			buildPhases = (
				B9218AE91CC887A000A97389 /* Sources */,
				B9218AEA1CC887A000A97389 /* Frameworks */,
				B9218AEB1CC887A000A97389 /* Headers */,
				B9218AEC1CC887A000A97389 /* Resources */,
			);
			buildRules = (
			);
			dependencies = (
			);
			name = hexdreamsCocoa;
			productName = hexdreamsCocoa;
			productReference = B9218AEE1CC887A000A97389 /* hexdreamsCocoa.framework */;
			productType = "com.apple.product-type.framework";
		};
		B9218AF71CC887A000A97389 /* hexdreamsCocoaTests */ = {
			isa = PBXNativeTarget;
			buildConfigurationList = B9218B051CC887A000A97389 /* Build configuration list for PBXNativeTarget "hexdreamsCocoaTests" */;
			buildPhases = (
				B9218AF41CC887A000A97389 /* Sources */,
				B9218AF51CC887A000A97389 /* Frameworks */,
				B9218AF61CC887A000A97389 /* Resources */,
			);
			buildRules = (
			);
			dependencies = (
				B9218AFB1CC887A000A97389 /* PBXTargetDependency */,
			);
			name = hexdreamsCocoaTests;
			productName = hexdreamsCocoaTests;
			productReference = B9218AF81CC887A000A97389 /* hexdreamsCocoaTests.xctest */;
			productType = "com.apple.product-type.bundle.unit-test";
		};
/* End PBXNativeTarget section */

/* Begin PBXProject section */
		B9218AE51CC887A000A97389 /* Project object */ = {
			isa = PBXProject;
			attributes = {
				LastSwiftUpdateCheck = 0730;
				LastUpgradeCheck = 1000;
				ORGANIZATIONNAME = hexdreams;
				TargetAttributes = {
					B9218AED1CC887A000A97389 = {
						CreatedOnToolsVersion = 7.3;
						LastSwiftMigration = 1000;
					};
					B9218AF71CC887A000A97389 = {
						CreatedOnToolsVersion = 7.3;
						LastSwiftMigration = 1000;
					};
				};
			};
			buildConfigurationList = B9218AE81CC887A000A97389 /* Build configuration list for PBXProject "hexdreamsCocoa" */;
			compatibilityVersion = "Xcode 3.2";
			developmentRegion = English;
			hasScannedForEncodings = 0;
			knownRegions = (
				en,
			);
			mainGroup = B9218AE41CC887A000A97389;
			productRefGroup = B9218AEF1CC887A000A97389 /* Products */;
			projectDirPath = "";
			projectRoot = "";
			targets = (
				B9218AED1CC887A000A97389 /* hexdreamsCocoa */,
				B9218AF71CC887A000A97389 /* hexdreamsCocoaTests */,
			);
		};
/* End PBXProject section */

/* Begin PBXResourcesBuildPhase section */
		B9218AEC1CC887A000A97389 /* Resources */ = {
			isa = PBXResourcesBuildPhase;
			buildActionMask = 2147483647;
			files = (
				B9F9421D21F0ED7000FA2791 /* README.md in Resources */,
				B9F9421C21F0ED7000FA2791 /* TODO.md in Resources */,
			);
			runOnlyForDeploymentPostprocessing = 0;
		};
		B9218AF61CC887A000A97389 /* Resources */ = {
			isa = PBXResourcesBuildPhase;
			buildActionMask = 2147483647;
			files = (
				B9CCA1C01CC8891C0002A24F /* HXPerson.json in Resources */,
			);
			runOnlyForDeploymentPostprocessing = 0;
		};
/* End PBXResourcesBuildPhase section */

/* Begin PBXSourcesBuildPhase section */
		B9218AE91CC887A000A97389 /* Sources */ = {
			isa = PBXSourcesBuildPhase;
			buildActionMask = 2147483647;
			files = (
				B900FB6521F17CCF00F68774 /* HXWebRequest.swift in Sources */,
				B9CCA1931CC889060002A24F /* NSEntityDescriptionExtensions.swift in Sources */,
				B99F939221E6ECA700CB8044 /* HXBonjourBrowser.swift in Sources */,
				B9BD6B6D210EBD1600BFE05C /* HXStorageDomain.swift in Sources */,
				B96931262135CB8100BF164B /* HXModelObject.swift in Sources */,
				B9CCA1981CC889060002A24F /* hexdreams.swift in Sources */,
				B9CCA1991CC889060002A24F /* HXMatrix.swift in Sources */,
				B98E654E20BDDE0F00103810 /* HXSynchronousObserverEntry.swift in Sources */,
				B9560E3321D5D6190006A458 /* HXImageTask.swift in Sources */,
				B900FB6421F17CCF00F68774 /* HXWebServer.swift in Sources */,
				B9DB97172109A1C80072FD19 /* HXRepresentation.swift in Sources */,
				B99F937821DD3E6700CB8044 /* HXInstanceContext.swift in Sources */,
				B9DB9723210A3F240072FD19 /* HXImageButton.swift in Sources */,
				B99F938021E155A300CB8044 /* HXTimeIntervalFormatter.swift in Sources */,
				B9560E3921D740F70006A458 /* HXLogging.swift in Sources */,
				B9B66E0C1E57E9D4004F5894 /* FD_utilities.swift in Sources */,
				B97110881FE5EF8800F50FF4 /* HXApplication.swift in Sources */,
				B9DB9721210A3F240072FD19 /* HXImageManager.swift in Sources */,
				B99F937E21E0699300CB8044 /* HXFileHandleLoggingChannel.swift in Sources */,
				B900FB6121F17CCF00F68774 /* HTTP_1_1.swift in Sources */,
				B96931242135CB8100BF164B /* HXTableViewCell.swift in Sources */,
				B99B7DD920EFD1AC00BA8CD2 /* HXXMLNode.swift in Sources */,
				B99F937221DD3E1600CB8044 /* HXLogger.swift in Sources */,
				B9DB96F5210823AD0072FD19 /* HXErrors.swift in Sources */,
				B91ADF361E4E81270052E3F4 /* CGContextExtensions.swift in Sources */,
				B9560E3121D31C820006A458 /* NSAttributedStringExtensions.swift in Sources */,
				B9CCA1951CC889060002A24F /* CGRectExtensions.swift in Sources */,
				B99F937621DD3E4700CB8044 /* HXTypeContext.swift in Sources */,
				B96931222135CB8100BF164B /* HXTableViewController.swift in Sources */,
				B99B7DDA20EFD1AC00BA8CD2 /* HXXMLParser.swift in Sources */,
				B96931232135CB8100BF164B /* HXCollectionViewController.swift in Sources */,
				B9D284CD20A7A520009B7D85 /* HXObservingExtensions.swift in Sources */,
				B9D284CC20A7A520009B7D85 /* HXObserverEntry.swift in Sources */,
				B9CCA19A1CC889060002A24F /* ArrayExtensions.swift in Sources */,
				B99F937421DD3E2E00CB8044 /* HXThreadContext.swift in Sources */,
				B99F938421E17F7600CB8044 /* HXLoggingCovers.swift in Sources */,
				B9DB9727210A3F2D0072FD19 /* HXStorageManager.swift in Sources */,
				B9CCA19D1CC889060002A24F /* HXViewController.swift in Sources */,
				B900FB6321F17CCF00F68774 /* HXWebMessage.swift in Sources */,
				B9DB96F7210829770072FD19 /* UIViewControllerExtensions.swift in Sources */,
				B96CC3BA1DF1F612007DD4AA /* DateExtensions.swift in Sources */,
				B99F938221E1711100CB8044 /* NSObjectExtensions.swift in Sources */,
				B9CCA1911CC889060002A24F /* HXManagedObject.swift in Sources */,
				B9DB9720210A3F240072FD19 /* HXImageJob.swift in Sources */,
				B9CCA1901CC889060002A24F /* HXDataController.swift in Sources */,
				B9D284CB20A7A520009B7D85 /* HXObserverCenter.swift in Sources */,
				B964A99C21BB90DA00647C85 /* HXDownloadTask.swift in Sources */,
				B97F03E221D2A60600926262 /* UIViewExtensions.swift in Sources */,
				B900FB6921F17E8C00F68774 /* HXTimestamp.swift in Sources */,
				B9F9421721E97D5900FA2791 /* HXPropertyList.swift in Sources */,
				B9560E3C21D752240006A458 /* HXLoggingExtensions.swift in Sources */,
				B9560E2A21D2C8720006A458 /* HXFlowingTextView.swift in Sources */,
				B98E654C20BDDDF300103810 /* HXSynchronousObserverCenter.swift in Sources */,
				B9B66E0E1E57EA0A004F5894 /* C.swift in Sources */,
				B9DB971521099C490072FD19 /* HXCachingWrapper.swift in Sources */,
				B9CCA1941CC889060002A24F /* NSManagedObjectContextExtensions.swift in Sources */,
				B97772A52116BA3600D9E1D8 /* HXDownloadJob.swift in Sources */,
				B9CCA1971CC889060002A24F /* NSSortDescriptorExtensions.swift in Sources */,
				B99C12DE20EF127600684F33 /* DictionaryExtensions.swift in Sources */,
				B977729E2112382D00D9E1D8 /* HXDownloadManager.swift in Sources */,
				B9C601B61E01CBD9000FB2BA /* CommandLineInterface.swift in Sources */,
				B99F937A21DD3E7400CB8044 /* HXLog.swift in Sources */,
				B92BE83221152E5200DE2D03 /* Utilities.swift in Sources */,
				B9CCA1961CC889060002A24F /* CGSizeExtensions.swift in Sources */,
				B99F938F21E69B5E00CB8044 /* HXNetworkLoggingChannel.swift in Sources */,
				B91ADF381E4E8B160052E3F4 /* CGPointExtensions.swift in Sources */,
				B92D0BA420EFFF9200359640 /* UtilityFunctions.swift in Sources */,
				B9CCA19C1CC889060002A24F /* StringExtensions.swift in Sources */,
				B924AF1421E9102900960834 /* HXBonjourService.swift in Sources */,
				B9DB9722210A3F240072FD19 /* HXImageView.swift in Sources */,
				B900FB6621F17CCF00F68774 /* HXWebRequestHandler.swift in Sources */,
				B9560E3F21D812F60006A458 /* OptionalExtensions.swift in Sources */,
				B96931252135CB8100BF164B /* HXCollectionViewCell.swift in Sources */,
				B900FB6221F17CCF00F68774 /* HXWebResponse.swift in Sources */,
				B97772A121136D2600D9E1D8 /* DispatchQueueExtensions.swift in Sources */,
				B9DB9724210A3F240072FD19 /* HXImageSizingDescriptor.swift in Sources */,
				B9DB972A210A5B730072FD19 /* HXStorageManager.xcdatamodeld in Sources */,
				B9F9421921F0E77200FA2791 /* HXLoggingChannel.swift in Sources */,
			);
			runOnlyForDeploymentPostprocessing = 0;
		};
		B9218AF41CC887A000A97389 /* Sources */ = {
			isa = PBXSourcesBuildPhase;
			buildActionMask = 2147483647;
			files = (
				B99F938B21E1E38100CB8044 /* CoreDataTestCase.swift in Sources */,
				B9218AFE1CC887A000A97389 /* hexdreamsCocoaTests.swift in Sources */,
				B9CCA1BE1CC8891C0002A24F /* HXManagedPerson+CoreDataProperties.swift in Sources */,
				B9CCA1B91CC8891C0002A24F /* CGRectExtensionsTests.swift in Sources */,
				B91CAB9C21C1EDD9000E43F4 /* DownloadManagerTests.swift in Sources */,
				B9CCA1C21CC8891C0002A24F /* HXTestDataController.swift in Sources */,
				B99F938C21E1E38400CB8044 /* NSEntityDescriptionTests.swift in Sources */,
				B9CCA1BC1CC8891C0002A24F /* HXMatrixTests.swift in Sources */,
				B9CCA1BA1CC8891C0002A24F /* CGSizeExtensionsTests.swift in Sources */,
				B9CCA1B71CC8891C0002A24F /* HXDataControllerTests.swift in Sources */,
				B9CCA1C31CC8891C0002A24F /* ArrayExtensionsTests.swift in Sources */,
				B9CCA1B81CC8891C0002A24F /* NSPredicateTests.swift in Sources */,
				B9CCA1BB1CC8891C0002A24F /* NSSortDescriptorExtensionsTests.swift in Sources */,
				B99F938D21E1E38800CB8044 /* NSManagedObjectContextTests.swift in Sources */,
				B9CCA1C41CC8891C0002A24F /* StringExtensionsTests.swift in Sources */,
				B9CCA1BF1CC8891C0002A24F /* HXManagedPerson.swift in Sources */,
				B9CCA1BD1CC8891C0002A24F /* hexdreams.xcdatamodeld in Sources */,
				B9CCA1C11CC8891C0002A24F /* HXPerson.swift in Sources */,
			);
			runOnlyForDeploymentPostprocessing = 0;
		};
/* End PBXSourcesBuildPhase section */

/* Begin PBXTargetDependency section */
		B9218AFB1CC887A000A97389 /* PBXTargetDependency */ = {
			isa = PBXTargetDependency;
			target = B9218AED1CC887A000A97389 /* hexdreamsCocoa */;
			targetProxy = B9218AFA1CC887A000A97389 /* PBXContainerItemProxy */;
		};
/* End PBXTargetDependency section */

/* Begin XCBuildConfiguration section */
		B9218B001CC887A000A97389 /* Debug */ = {
			isa = XCBuildConfiguration;
			buildSettings = {
				ALWAYS_SEARCH_USER_PATHS = NO;
				CLANG_ANALYZER_NONNULL = YES;
				CLANG_CXX_LANGUAGE_STANDARD = "gnu++0x";
				CLANG_CXX_LIBRARY = "libc++";
				CLANG_ENABLE_MODULES = YES;
				CLANG_ENABLE_OBJC_ARC = YES;
				CLANG_WARN_BLOCK_CAPTURE_AUTORELEASING = YES;
				CLANG_WARN_BOOL_CONVERSION = YES;
				CLANG_WARN_COMMA = YES;
				CLANG_WARN_CONSTANT_CONVERSION = YES;
				CLANG_WARN_DEPRECATED_OBJC_IMPLEMENTATIONS = YES;
				CLANG_WARN_DIRECT_OBJC_ISA_USAGE = YES_ERROR;
				CLANG_WARN_EMPTY_BODY = YES;
				CLANG_WARN_ENUM_CONVERSION = YES;
				CLANG_WARN_INFINITE_RECURSION = YES;
				CLANG_WARN_INT_CONVERSION = YES;
				CLANG_WARN_NON_LITERAL_NULL_CONVERSION = YES;
				CLANG_WARN_OBJC_IMPLICIT_RETAIN_SELF = YES;
				CLANG_WARN_OBJC_LITERAL_CONVERSION = YES;
				CLANG_WARN_OBJC_ROOT_CLASS = YES_ERROR;
				CLANG_WARN_RANGE_LOOP_ANALYSIS = YES;
				CLANG_WARN_STRICT_PROTOTYPES = YES;
				CLANG_WARN_SUSPICIOUS_MOVE = YES;
				CLANG_WARN_UNREACHABLE_CODE = YES;
				CLANG_WARN__DUPLICATE_METHOD_MATCH = YES;
				"CODE_SIGN_IDENTITY[sdk=iphoneos*]" = "iPhone Developer";
				COPY_PHASE_STRIP = NO;
				CURRENT_PROJECT_VERSION = 1;
				DEBUG_INFORMATION_FORMAT = dwarf;
				ENABLE_STRICT_OBJC_MSGSEND = YES;
				ENABLE_TESTABILITY = YES;
				GCC_C_LANGUAGE_STANDARD = gnu99;
				GCC_DYNAMIC_NO_PIC = NO;
				GCC_NO_COMMON_BLOCKS = YES;
				GCC_OPTIMIZATION_LEVEL = 0;
				GCC_PREPROCESSOR_DEFINITIONS = (
					"DEBUG=1",
					"$(inherited)",
				);
				GCC_WARN_64_TO_32_BIT_CONVERSION = YES;
				GCC_WARN_ABOUT_RETURN_TYPE = YES_ERROR;
				GCC_WARN_UNDECLARED_SELECTOR = YES;
				GCC_WARN_UNINITIALIZED_AUTOS = YES_AGGRESSIVE;
				GCC_WARN_UNUSED_FUNCTION = YES;
				GCC_WARN_UNUSED_VARIABLE = YES;
				IPHONEOS_DEPLOYMENT_TARGET = 11.0;
				MTL_ENABLE_DEBUG_INFO = YES;
				ONLY_ACTIVE_ARCH = YES;
				SDKROOT = iphoneos;
				SWIFT_OPTIMIZATION_LEVEL = "-Onone";
				TARGETED_DEVICE_FAMILY = "1,2";
				VERSIONING_SYSTEM = "apple-generic";
				VERSION_INFO_PREFIX = "";
			};
			name = Debug;
		};
		B9218B011CC887A000A97389 /* Release */ = {
			isa = XCBuildConfiguration;
			buildSettings = {
				ALWAYS_SEARCH_USER_PATHS = NO;
				CLANG_ANALYZER_NONNULL = YES;
				CLANG_CXX_LANGUAGE_STANDARD = "gnu++0x";
				CLANG_CXX_LIBRARY = "libc++";
				CLANG_ENABLE_MODULES = YES;
				CLANG_ENABLE_OBJC_ARC = YES;
				CLANG_WARN_BLOCK_CAPTURE_AUTORELEASING = YES;
				CLANG_WARN_BOOL_CONVERSION = YES;
				CLANG_WARN_COMMA = YES;
				CLANG_WARN_CONSTANT_CONVERSION = YES;
				CLANG_WARN_DEPRECATED_OBJC_IMPLEMENTATIONS = YES;
				CLANG_WARN_DIRECT_OBJC_ISA_USAGE = YES_ERROR;
				CLANG_WARN_EMPTY_BODY = YES;
				CLANG_WARN_ENUM_CONVERSION = YES;
				CLANG_WARN_INFINITE_RECURSION = YES;
				CLANG_WARN_INT_CONVERSION = YES;
				CLANG_WARN_NON_LITERAL_NULL_CONVERSION = YES;
				CLANG_WARN_OBJC_IMPLICIT_RETAIN_SELF = YES;
				CLANG_WARN_OBJC_LITERAL_CONVERSION = YES;
				CLANG_WARN_OBJC_ROOT_CLASS = YES_ERROR;
				CLANG_WARN_RANGE_LOOP_ANALYSIS = YES;
				CLANG_WARN_STRICT_PROTOTYPES = YES;
				CLANG_WARN_SUSPICIOUS_MOVE = YES;
				CLANG_WARN_UNREACHABLE_CODE = YES;
				CLANG_WARN__DUPLICATE_METHOD_MATCH = YES;
				"CODE_SIGN_IDENTITY[sdk=iphoneos*]" = "iPhone Developer";
				COPY_PHASE_STRIP = NO;
				CURRENT_PROJECT_VERSION = 1;
				DEBUG_INFORMATION_FORMAT = "dwarf-with-dsym";
				ENABLE_NS_ASSERTIONS = NO;
				ENABLE_STRICT_OBJC_MSGSEND = YES;
				GCC_C_LANGUAGE_STANDARD = gnu99;
				GCC_NO_COMMON_BLOCKS = YES;
				GCC_WARN_64_TO_32_BIT_CONVERSION = YES;
				GCC_WARN_ABOUT_RETURN_TYPE = YES_ERROR;
				GCC_WARN_UNDECLARED_SELECTOR = YES;
				GCC_WARN_UNINITIALIZED_AUTOS = YES_AGGRESSIVE;
				GCC_WARN_UNUSED_FUNCTION = YES;
				GCC_WARN_UNUSED_VARIABLE = YES;
				IPHONEOS_DEPLOYMENT_TARGET = 11.0;
				MTL_ENABLE_DEBUG_INFO = NO;
				SDKROOT = iphoneos;
				TARGETED_DEVICE_FAMILY = "1,2";
				VALIDATE_PRODUCT = YES;
				VERSIONING_SYSTEM = "apple-generic";
				VERSION_INFO_PREFIX = "";
			};
			name = Release;
		};
		B9218B031CC887A000A97389 /* Debug */ = {
			isa = XCBuildConfiguration;
			buildSettings = {
				"CODE_SIGN_IDENTITY[sdk=iphoneos*]" = "";
				DEFINES_MODULE = YES;
				DYLIB_COMPATIBILITY_VERSION = 1;
				DYLIB_CURRENT_VERSION = 1;
				DYLIB_INSTALL_NAME_BASE = "@rpath";
				INFOPLIST_FILE = hexdreamsCocoa/Info.plist;
				INSTALL_PATH = "$(LOCAL_LIBRARY_DIR)/Frameworks";
				IPHONEOS_DEPLOYMENT_TARGET = 12.0;
				LD_RUNPATH_SEARCH_PATHS = "$(inherited) @executable_path/Frameworks @loader_path/Frameworks";
				MOMC_NO_INVERSE_RELATIONSHIP_WARNINGS = YES;
				PRODUCT_BUNDLE_IDENTIFIER = com.hexdreams.hexdreamsCocoa;
				PRODUCT_NAME = "$(TARGET_NAME)";
				SKIP_INSTALL = YES;
				SWIFT_VERSION = 4.2;
			};
			name = Debug;
		};
		B9218B041CC887A000A97389 /* Release */ = {
			isa = XCBuildConfiguration;
			buildSettings = {
				"CODE_SIGN_IDENTITY[sdk=iphoneos*]" = "";
				DEFINES_MODULE = YES;
				DYLIB_COMPATIBILITY_VERSION = 1;
				DYLIB_CURRENT_VERSION = 1;
				DYLIB_INSTALL_NAME_BASE = "@rpath";
				INFOPLIST_FILE = hexdreamsCocoa/Info.plist;
				INSTALL_PATH = "$(LOCAL_LIBRARY_DIR)/Frameworks";
				IPHONEOS_DEPLOYMENT_TARGET = 12.0;
				LD_RUNPATH_SEARCH_PATHS = "$(inherited) @executable_path/Frameworks @loader_path/Frameworks";
				MOMC_NO_INVERSE_RELATIONSHIP_WARNINGS = YES;
				PRODUCT_BUNDLE_IDENTIFIER = com.hexdreams.hexdreamsCocoa;
				PRODUCT_NAME = "$(TARGET_NAME)";
				SKIP_INSTALL = YES;
				SWIFT_OPTIMIZATION_LEVEL = "-Owholemodule";
				SWIFT_VERSION = 4.2;
			};
			name = Release;
		};
		B9218B061CC887A000A97389 /* Debug */ = {
			isa = XCBuildConfiguration;
			buildSettings = {
				INFOPLIST_FILE = hexdreamsCocoaTests/Info.plist;
				LD_RUNPATH_SEARCH_PATHS = "$(inherited) @executable_path/Frameworks @loader_path/Frameworks";
				PRODUCT_BUNDLE_IDENTIFIER = com.hexdreams.hexdreamsCocoaTests;
				PRODUCT_NAME = "$(TARGET_NAME)";
				SWIFT_VERSION = 4.2;
			};
			name = Debug;
		};
		B9218B071CC887A000A97389 /* Release */ = {
			isa = XCBuildConfiguration;
			buildSettings = {
				INFOPLIST_FILE = hexdreamsCocoaTests/Info.plist;
				LD_RUNPATH_SEARCH_PATHS = "$(inherited) @executable_path/Frameworks @loader_path/Frameworks";
				PRODUCT_BUNDLE_IDENTIFIER = com.hexdreams.hexdreamsCocoaTests;
				PRODUCT_NAME = "$(TARGET_NAME)";
				SWIFT_OPTIMIZATION_LEVEL = "-Owholemodule";
				SWIFT_VERSION = 4.2;
			};
			name = Release;
		};
/* End XCBuildConfiguration section */

/* Begin XCConfigurationList section */
		B9218AE81CC887A000A97389 /* Build configuration list for PBXProject "hexdreamsCocoa" */ = {
			isa = XCConfigurationList;
			buildConfigurations = (
				B9218B001CC887A000A97389 /* Debug */,
				B9218B011CC887A000A97389 /* Release */,
			);
			defaultConfigurationIsVisible = 0;
			defaultConfigurationName = Release;
		};
		B9218B021CC887A000A97389 /* Build configuration list for PBXNativeTarget "hexdreamsCocoa" */ = {
			isa = XCConfigurationList;
			buildConfigurations = (
				B9218B031CC887A000A97389 /* Debug */,
				B9218B041CC887A000A97389 /* Release */,
			);
			defaultConfigurationIsVisible = 0;
			defaultConfigurationName = Release;
		};
		B9218B051CC887A000A97389 /* Build configuration list for PBXNativeTarget "hexdreamsCocoaTests" */ = {
			isa = XCConfigurationList;
			buildConfigurations = (
				B9218B061CC887A000A97389 /* Debug */,
				B9218B071CC887A000A97389 /* Release */,
			);
			defaultConfigurationIsVisible = 0;
			defaultConfigurationName = Release;
		};
/* End XCConfigurationList section */

/* Begin XCVersionGroup section */
		B9CCA1AB1CC8891C0002A24F /* hexdreams.xcdatamodeld */ = {
			isa = XCVersionGroup;
			children = (
				B9CCA1AC1CC8891C0002A24F /* hexdreams.xcdatamodel */,
			);
			currentVersion = B9CCA1AC1CC8891C0002A24F /* hexdreams.xcdatamodel */;
			path = hexdreams.xcdatamodeld;
			sourceTree = "<group>";
			versionGroupType = wrapper.xcdatamodel;
		};
		B9DB9728210A5B730072FD19 /* HXStorageManager.xcdatamodeld */ = {
			isa = XCVersionGroup;
			children = (
				B9DB9729210A5B730072FD19 /* HXResourceManager.xcdatamodel */,
			);
			currentVersion = B9DB9729210A5B730072FD19 /* HXResourceManager.xcdatamodel */;
			path = HXStorageManager.xcdatamodeld;
			sourceTree = "<group>";
			versionGroupType = wrapper.xcdatamodel;
		};
/* End XCVersionGroup section */
	};
	rootObject = B9218AE51CC887A000A97389 /* Project object */;
}
